
Microsoft Visual Studio Solution File, Format Version 12.00
# Visual Studio Version 16
VisualStudioVersion = 16.0.33130.400
MinimumVisualStudioVersion = 10.0.40219.1
Project("{FAE04EC0-301F-11D3-BF4B-00C04F79EFBC}") = "Project1", "Project1.csproj", "{DD803EEF-0EA3-464A-998B-1840E8E87829}"
EndProject
Global
	GlobalSection(SolutionConfigurationPlatforms) = preSolution
		Debug|Any CPU = Debug|Any CPU
		Release|Any CPU = Release|Any CPU
	EndGlobalSection
	GlobalSection(ProjectConfigurationPlatforms) = postSolution
		{DD803EEF-0EA3-464A-998B-1840E8E87829}.Debug|Any CPU.ActiveCfg = Debug|Any CPU
		{DD803EEF-0EA3-464A-998B-1840E8E87829}.Debug|Any CPU.Build.0 = Debug|Any CPU
		{DD803EEF-0EA3-464A-998B-1840E8E87829}.Release|Any CPU.ActiveCfg = Release|Any CPU
		{DD803EEF-0EA3-464A-998B-1840E8E87829}.Release|Any CPU.Build.0 = Release|Any CPU
	EndGlobalSection
	GlobalSection(SolutionProperties) = preSolution
		HideSolutionNode = FALSE
	EndGlobalSection
	GlobalSection(ExtensibilityGlobals) = postSolution
		SolutionGuid = {91DDB5C2-8972-4A7F-AD29-70F425CB9559}
	EndGlobalSection
EndGlobal
